
Microsoft Visual Studio Solution File, Format Version 12.00
# Visual Studio Version 17
VisualStudioVersion = 17.0.31903.59
MinimumVisualStudioVersion = 10.0.40219.1
Project("{FAE04EC0-301F-11D3-BF4B-00C04F79EFBC}") = "csharp-calculator", "csharp-calculator\csharp-calculator.csproj", "{F88B8781-E706-4F3A-92D9-DAC02B32DAC3}"
EndProject
Project("{FAE04EC0-301F-11D3-BF4B-00C04F79EFBC}") = "calculator-test", "calculator-test\calculator-test.csproj", "{366E1BDD-430D-4E49-9705-89FE62D23C9A}"
EndProject
Global
	GlobalSection(SolutionConfigurationPlatforms) = preSolution
		Debug|Any CPU = Debug|Any CPU
		Release|Any CPU = Release|Any CPU
	EndGlobalSection
	GlobalSection(SolutionProperties) = preSolution
		HideSolutionNode = FALSE
	EndGlobalSection
	GlobalSection(ProjectConfigurationPlatforms) = postSolution
		{F88B8781-E706-4F3A-92D9-DAC02B32DAC3}.Debug|Any CPU.ActiveCfg = Debug|Any CPU
		{F88B8781-E706-4F3A-92D9-DAC02B32DAC3}.Debug|Any CPU.Build.0 = Debug|Any CPU
		{F88B8781-E706-4F3A-92D9-DAC02B32DAC3}.Release|Any CPU.ActiveCfg = Release|Any CPU
		{F88B8781-E706-4F3A-92D9-DAC02B32DAC3}.Release|Any CPU.Build.0 = Release|Any CPU
		{366E1BDD-430D-4E49-9705-89FE62D23C9A}.Debug|Any CPU.ActiveCfg = Debug|Any CPU
		{366E1BDD-430D-4E49-9705-89FE62D23C9A}.Debug|Any CPU.Build.0 = Debug|Any CPU
		{366E1BDD-430D-4E49-9705-89FE62D23C9A}.Release|Any CPU.ActiveCfg = Release|Any CPU
		{366E1BDD-430D-4E49-9705-89FE62D23C9A}.Release|Any CPU.Build.0 = Release|Any CPU
	EndGlobalSection
EndGlobal
